// !$*UTF8*$!
{
	archiveVersion = 1;
	classes = {
	};
	objectVersion = 50;
	objects = {

/* Begin PBXBuildFile section */
		6640B9F5251421BF002384B7 /* AppDelegate.swift in Sources */ = {isa = PBXBuildFile; fileRef = 6640B9F4251421BF002384B7 /* AppDelegate.swift */; };
		6640B9F7251421BF002384B7 /* SceneDelegate.swift in Sources */ = {isa = PBXBuildFile; fileRef = 6640B9F6251421BF002384B7 /* SceneDelegate.swift */; };
		6640B9F9251421BF002384B7 /* ViewController.swift in Sources */ = {isa = PBXBuildFile; fileRef = 6640B9F8251421BF002384B7 /* ViewController.swift */; };
		6640B9FC251421BF002384B7 /* Main.storyboard in Resources */ = {isa = PBXBuildFile; fileRef = 6640B9FA251421BF002384B7 /* Main.storyboard */; };
		6640B9FF251421BF002384B7 /* Weather_Application.xcdatamodeld in Sources */ = {isa = PBXBuildFile; fileRef = 6640B9FD251421BF002384B7 /* Weather_Application.xcdatamodeld */; };
		6640BA01251421C4002384B7 /* Assets.xcassets in Resources */ = {isa = PBXBuildFile; fileRef = 6640BA00251421C4002384B7 /* Assets.xcassets */; };
		6640BA04251421C4002384B7 /* LaunchScreen.storyboard in Resources */ = {isa = PBXBuildFile; fileRef = 6640BA02251421C4002384B7 /* LaunchScreen.storyboard */; };
/* End PBXBuildFile section */

/* Begin PBXFileReference section */
		6640B9F1251421BF002384B7 /* Weather-Application.app */ = {isa = PBXFileReference; explicitFileType = wrapper.application; includeInIndex = 0; path = "Weather-Application.app"; sourceTree = BUILT_PRODUCTS_DIR; };
		6640B9F4251421BF002384B7 /* AppDelegate.swift */ = {isa = PBXFileReference; lastKnownFileType = sourcecode.swift; path = AppDelegate.swift; sourceTree = "<group>"; };
		6640B9F6251421BF002384B7 /* SceneDelegate.swift */ = {isa = PBXFileReference; lastKnownFileType = sourcecode.swift; path = SceneDelegate.swift; sourceTree = "<group>"; };
		6640B9F8251421BF002384B7 /* ViewController.swift */ = {isa = PBXFileReference; lastKnownFileType = sourcecode.swift; path = ViewController.swift; sourceTree = "<group>"; };
		6640B9FB251421BF002384B7 /* Base */ = {isa = PBXFileReference; lastKnownFileType = file.storyboard; name = Base; path = Base.lproj/Main.storyboard; sourceTree = "<group>"; };
		6640B9FE251421BF002384B7 /* Weather_Application.xcdatamodel */ = {isa = PBXFileReference; lastKnownFileType = wrapper.xcdatamodel; path = Weather_Application.xcdatamodel; sourceTree = "<group>"; };
		6640BA00251421C4002384B7 /* Assets.xcassets */ = {isa = PBXFileReference; lastKnownFileType = folder.assetcatalog; path = Assets.xcassets; sourceTree = "<group>"; };
		6640BA03251421C4002384B7 /* Base */ = {isa = PBXFileReference; lastKnownFileType = file.storyboard; name = Base; path = Base.lproj/LaunchScreen.storyboard; sourceTree = "<group>"; };
		6640BA05251421C4002384B7 /* Info.plist */ = {isa = PBXFileReference; lastKnownFileType = text.plist.xml; path = Info.plist; sourceTree = "<group>"; };
/* End PBXFileReference section */

/* Begin PBXFrameworksBuildPhase section */
		6640B9EE251421BF002384B7 /* Frameworks */ = {
			isa = PBXFrameworksBuildPhase;
			buildActionMask = 2147483647;
			files = (
			);
			runOnlyForDeploymentPostprocessing = 0;
		};
/* End PBXFrameworksBuildPhase section */

/* Begin PBXGroup section */
		6640B9E8251421BF002384B7 = {
			isa = PBXGroup;
			children = (
				6640B9F3251421BF002384B7 /* Weather-Application */,
				6640B9F2251421BF002384B7 /* Products */,
			);
			sourceTree = "<group>";
		};
		6640B9F2251421BF002384B7 /* Products */ = {
			isa = PBXGroup;
			children = (
				6640B9F1251421BF002384B7 /* Weather-Application.app */,
			);
			name = Products;
			sourceTree = "<group>";
		};
		6640B9F3251421BF002384B7 /* Weather-Application */ = {
			isa = PBXGroup;
			children = (
				6640B9F4251421BF002384B7 /* AppDelegate.swift */,
				6640B9F6251421BF002384B7 /* SceneDelegate.swift */,
				6640B9F8251421BF002384B7 /* ViewController.swift */,
				6640B9FA251421BF002384B7 /* Main.storyboard */,
				6640BA00251421C4002384B7 /* Assets.xcassets */,
				6640BA02251421C4002384B7 /* LaunchScreen.storyboard */,
				6640BA05251421C4002384B7 /* Info.plist */,
				6640B9FD251421BF002384B7 /* Weather_Application.xcdatamodeld */,
			);
			path = "Weather-Application";
			sourceTree = "<group>";
		};
/* End PBXGroup section */

/* Begin PBXNativeTarget section */
		6640B9F0251421BF002384B7 /* Weather-Application */ = {
			isa = PBXNativeTarget;
			buildConfigurationList = 6640BA08251421C4002384B7 /* Build configuration list for PBXNativeTarget "Weather-Application" */;
			buildPhases = (
				6640B9ED251421BF002384B7 /* Sources */,
				6640B9EE251421BF002384B7 /* Frameworks */,
				6640B9EF251421BF002384B7 /* Resources */,
			);
			buildRules = (
			);
			dependencies = (
			);
			name = "Weather-Application";
			productName = "Weather-Application";
			productReference = 6640B9F1251421BF002384B7 /* Weather-Application.app */;
			productType = "com.apple.product-type.application";
		};
/* End PBXNativeTarget section */

/* Begin PBXProject section */
		6640B9E9251421BF002384B7 /* Project object */ = {
			isa = PBXProject;
			attributes = {
				LastSwiftUpdateCheck = 1160;
				LastUpgradeCheck = 1160;
				ORGANIZATIONNAME = vmodzolevskii;
				TargetAttributes = {
					6640B9F0251421BF002384B7 = {
						CreatedOnToolsVersion = 11.6;
					};
				};
			};
			buildConfigurationList = 6640B9EC251421BF002384B7 /* Build configuration list for PBXProject "Weather-Application" */;
			compatibilityVersion = "Xcode 9.3";
			developmentRegion = en;
			hasScannedForEncodings = 0;
			knownRegions = (
				en,
				Base,
			);
			mainGroup = 6640B9E8251421BF002384B7;
			productRefGroup = 6640B9F2251421BF002384B7 /* Products */;
			projectDirPath = "";
			projectRoot = "";
			targets = (
				6640B9F0251421BF002384B7 /* Weather-Application */,
			);
		};
/* End PBXProject section */

/* Begin PBXResourcesBuildPhase section */
		6640B9EF251421BF002384B7 /* Resources */ = {
			isa = PBXResourcesBuildPhase;
			buildActionMask = 2147483647;
			files = (
				6640BA04251421C4002384B7 /* LaunchScreen.storyboard in Resources */,
				6640BA01251421C4002384B7 /* Assets.xcassets in Resources */,
				6640B9FC251421BF002384B7 /* Main.storyboard in Resources */,
			);
			runOnlyForDeploymentPostprocessing = 0;
		};
/* End PBXResourcesBuildPhase section */

/* Begin PBXSourcesBuildPhase section */
		6640B9ED251421BF002384B7 /* Sources */ = {
			isa = PBXSourcesBuildPhase;
			buildActionMask = 2147483647;
			files = (
				6640B9F9251421BF002384B7 /* ViewController.swift in Sources */,
				6640B9F5251421BF002384B7 /* AppDelegate.swift in Sources */,
				6640B9FF251421BF002384B7 /* Weather_Application.xcdatamodeld in Sources */,
				6640B9F7251421BF002384B7 /* SceneDelegate.swift in Sources */,
			);
			runOnlyForDeploymentPostprocessing = 0;
		};
/* End PBXSourcesBuildPhase section */

/* Begin PBXVariantGroup section */
		6640B9FA251421BF002384B7 /* Main.storyboard */ = {
			isa = PBXVariantGroup;
			children = (
				6640B9FB251421BF002384B7 /* Base */,
			);
			name = Main.storyboard;
			sourceTree = "<group>";
		};
		6640BA02251421C4002384B7 /* LaunchScreen.storyboard */ = {
			isa = PBXVariantGroup;
			children = (
				6640BA03251421C4002384B7 /* Base */,
			);
			name = LaunchScreen.storyboard;
			sourceTree = "<group>";
		};
/* End PBXVariantGroup section */

/* Begin XCBuildConfiguration section */
		6640BA06251421C4002384B7 /* Debug */ = {
			isa = XCBuildConfiguration;
			buildSettings = {
				ALWAYS_SEARCH_USER_PATHS = NO;
				CLANG_ANALYZER_NONNULL = YES;
				CLANG_ANALYZER_NUMBER_OBJECT_CONVERSION = YES_AGGRESSIVE;
				CLANG_CXX_LANGUAGE_STANDARD = "gnu++14";
				CLANG_CXX_LIBRARY = "libc++";
				CLANG_ENABLE_MODULES = YES;
				CLANG_ENABLE_OBJC_ARC = YES;
				CLANG_ENABLE_OBJC_WEAK = YES;
				CLANG_WARN_BLOCK_CAPTURE_AUTORELEASING = YES;
				CLANG_WARN_BOOL_CONVERSION = YES;
				CLANG_WARN_COMMA = YES;
				CLANG_WARN_CONSTANT_CONVERSION = YES;
				CLANG_WARN_DEPRECATED_OBJC_IMPLEMENTATIONS = YES;
				CLANG_WARN_DIRECT_OBJC_ISA_USAGE = YES_ERROR;
				CLANG_WARN_DOCUMENTATION_COMMENTS = YES;
				CLANG_WARN_EMPTY_BODY = YES;
				CLANG_WARN_ENUM_CONVERSION = YES;
				CLANG_WARN_INFINITE_RECURSION = YES;
				CLANG_WARN_INT_CONVERSION = YES;
				CLANG_WARN_NON_LITERAL_NULL_CONVERSION = YES;
				CLANG_WARN_OBJC_IMPLICIT_RETAIN_SELF = YES;
				CLANG_WARN_OBJC_LITERAL_CONVERSION = YES;
				CLANG_WARN_OBJC_ROOT_CLASS = YES_ERROR;
				CLANG_WARN_RANGE_LOOP_ANALYSIS = YES;
				CLANG_WARN_STRICT_PROTOTYPES = YES;
				CLANG_WARN_SUSPICIOUS_MOVE = YES;
				CLANG_WARN_UNGUARDED_AVAILABILITY = YES_AGGRESSIVE;
				CLANG_WARN_UNREACHABLE_CODE = YES;
				CLANG_WARN__DUPLICATE_METHOD_MATCH = YES;
				COPY_PHASE_STRIP = NO;
				DEBUG_INFORMATION_FORMAT = dwarf;
				ENABLE_STRICT_OBJC_MSGSEND = YES;
				ENABLE_TESTABILITY = YES;
				GCC_C_LANGUAGE_STANDARD = gnu11;
				GCC_DYNAMIC_NO_PIC = NO;
				GCC_NO_COMMON_BLOCKS = YES;
				GCC_OPTIMIZATION_LEVEL = 0;
				GCC_PREPROCESSOR_DEFINITIONS = (
					"DEBUG=1",
					"$(inherited)",
				);
				GCC_WARN_64_TO_32_BIT_CONVERSION = YES;
				GCC_WARN_ABOUT_RETURN_TYPE = YES_ERROR;
				GCC_WARN_UNDECLARED_SELECTOR = YES;
				GCC_WARN_UNINITIALIZED_AUTOS = YES_AGGRESSIVE;
				GCC_WARN_UNUSED_FUNCTION = YES;
				GCC_WARN_UNUSED_VARIABLE = YES;
				IPHONEOS_DEPLOYMENT_TARGET = 13.6;
				MTL_ENABLE_DEBUG_INFO = INCLUDE_SOURCE;
				MTL_FAST_MATH = YES;
				ONLY_ACTIVE_ARCH = YES;
				SDKROOT = iphoneos;
				SWIFT_ACTIVE_COMPILATION_CONDITIONS = DEBUG;
				SWIFT_OPTIMIZATION_LEVEL = "-Onone";
			};
			name = Debug;
		};
		6640BA07251421C4002384B7 /* Release */ = {
			isa = XCBuildConfiguration;
			buildSettings = {
				ALWAYS_SEARCH_USER_PATHS = NO;
				CLANG_ANALYZER_NONNULL = YES;
				CLANG_ANALYZER_NUMBER_OBJECT_CONVERSION = YES_AGGRESSIVE;
				CLANG_CXX_LANGUAGE_STANDARD = "gnu++14";
				CLANG_CXX_LIBRARY = "libc++";
				CLANG_ENABLE_MODULES = YES;
				CLANG_ENABLE_OBJC_ARC = YES;
				CLANG_ENABLE_OBJC_WEAK = YES;
				CLANG_WARN_BLOCK_CAPTURE_AUTORELEASING = YES;
				CLANG_WARN_BOOL_CONVERSION = YES;
				CLANG_WARN_COMMA = YES;
				CLANG_WARN_CONSTANT_CONVERSION = YES;
				CLANG_WARN_DEPRECATED_OBJC_IMPLEMENTATIONS = YES;
				CLANG_WARN_DIRECT_OBJC_ISA_USAGE = YES_ERROR;
				CLANG_WARN_DOCUMENTATION_COMMENTS = YES;
				CLANG_WARN_EMPTY_BODY = YES;
				CLANG_WARN_ENUM_CONVERSION = YES;
				CLANG_WARN_INFINITE_RECURSION = YES;
				CLANG_WARN_INT_CONVERSION = YES;
				CLANG_WARN_NON_LITERAL_NULL_CONVERSION = YES;
				CLANG_WARN_OBJC_IMPLICIT_RETAIN_SELF = YES;
				CLANG_WARN_OBJC_LITERAL_CONVERSION = YES;
				CLANG_WARN_OBJC_ROOT_CLASS = YES_ERROR;
				CLANG_WARN_RANGE_LOOP_ANALYSIS = YES;
				CLANG_WARN_STRICT_PROTOTYPES = YES;
				CLANG_WARN_SUSPICIOUS_MOVE = YES;
				CLANG_WARN_UNGUARDED_AVAILABILITY = YES_AGGRESSIVE;
				CLANG_WARN_UNREACHABLE_CODE = YES;
				CLANG_WARN__DUPLICATE_METHOD_MATCH = YES;
				COPY_PHASE_STRIP = NO;
				DEBUG_INFORMATION_FORMAT = "dwarf-with-dsym";
				ENABLE_NS_ASSERTIONS = NO;
				ENABLE_STRICT_OBJC_MSGSEND = YES;
				GCC_C_LANGUAGE_STANDARD = gnu11;
				GCC_NO_COMMON_BLOCKS = YES;
				GCC_WARN_64_TO_32_BIT_CONVERSION = YES;
				GCC_WARN_ABOUT_RETURN_TYPE = YES_ERROR;
				GCC_WARN_UNDECLARED_SELECTOR = YES;
				GCC_WARN_UNINITIALIZED_AUTOS = YES_AGGRESSIVE;
				GCC_WARN_UNUSED_FUNCTION = YES;
				GCC_WARN_UNUSED_VARIABLE = YES;
				IPHONEOS_DEPLOYMENT_TARGET = 13.6;
				MTL_ENABLE_DEBUG_INFO = NO;
				MTL_FAST_MATH = YES;
				SDKROOT = iphoneos;
				SWIFT_COMPILATION_MODE = wholemodule;
				SWIFT_OPTIMIZATION_LEVEL = "-O";
				VALIDATE_PRODUCT = YES;
			};
			name = Release;
		};
		6640BA09251421C4002384B7 /* Debug */ = {
			isa = XCBuildConfiguration;
			buildSettings = {
				ASSETCATALOG_COMPILER_APPICON_NAME = AppIcon;
				CODE_SIGN_STYLE = Automatic;
				DEVELOPMENT_TEAM = Z4H269L9XN;
				INFOPLIST_FILE = "Weather-Application/Info.plist";
				LD_RUNPATH_SEARCH_PATHS = (
					"$(inherited)",
					"@executable_path/Frameworks",
				);
				PRODUCT_BUNDLE_IDENTIFIER = "modzolevskiy.Weather-Application";
				PRODUCT_NAME = "$(TARGET_NAME)";
				SWIFT_VERSION = 5.0;
				TARGETED_DEVICE_FAMILY = "1,2";
			};
			name = Debug;
		};
		6640BA0A251421C4002384B7 /* Release */ = {
			isa = XCBuildConfiguration;
			buildSettings = {
				ASSETCATALOG_COMPILER_APPICON_NAME = AppIcon;
				CODE_SIGN_STYLE = Automatic;
				DEVELOPMENT_TEAM = Z4H269L9XN;
				INFOPLIST_FILE = "Weather-Application/Info.plist";
				LD_RUNPATH_SEARCH_PATHS = (
					"$(inherited)",
					"@executable_path/Frameworks",
				);
				PRODUCT_BUNDLE_IDENTIFIER = "modzolevskiy.Weather-Application";
				PRODUCT_NAME = "$(TARGET_NAME)";
				SWIFT_VERSION = 5.0;
				TARGETED_DEVICE_FAMILY = "1,2";
			};
			name = Release;
		};
/* End XCBuildConfiguration section */

/* Begin XCConfigurationList section */
		6640B9EC251421BF002384B7 /* Build configuration list for PBXProject "Weather-Application" */ = {
			isa = XCConfigurationList;
			buildConfigurations = (
				6640BA06251421C4002384B7 /* Debug */,
				6640BA07251421C4002384B7 /* Release */,
			);
			defaultConfigurationIsVisible = 0;
			defaultConfigurationName = Release;
		};
		6640BA08251421C4002384B7 /* Build configuration list for PBXNativeTarget "Weather-Application" */ = {
			isa = XCConfigurationList;
			buildConfigurations = (
				6640BA09251421C4002384B7 /* Debug */,
				6640BA0A251421C4002384B7 /* Release */,
			);
			defaultConfigurationIsVisible = 0;
			defaultConfigurationName = Release;
		};
/* End XCConfigurationList section */

/* Begin XCVersionGroup section */
		6640B9FD251421BF002384B7 /* Weather_Application.xcdatamodeld */ = {
			isa = XCVersionGroup;
			children = (
				6640B9FE251421BF002384B7 /* Weather_Application.xcdatamodel */,
			);
			currentVersion = 6640B9FE251421BF002384B7 /* Weather_Application.xcdatamodel */;
			path = Weather_Application.xcdatamodeld;
			sourceTree = "<group>";
			versionGroupType = wrapper.xcdatamodel;
		};
/* End XCVersionGroup section */
	};
	rootObject = 6640B9E9251421BF002384B7 /* Project object */;
}
